
Microsoft Visual Studio Solution File, Format Version 12.00
# Visual Studio Version 16
VisualStudioVersion = 16.0.30114.105
MinimumVisualStudioVersion = 10.0.40219.1
Project("{FAE04EC0-301F-11D3-BF4B-00C04F79EFBC}") = "API", "API\API.csproj", "{0FC49297-BEF9-4800-A405-B658F7D84D0A}"
EndProject
Project("{FAE04EC0-301F-11D3-BF4B-00C04F79EFBC}") = "Core", "Core\Core.csproj", "{836B485A-DBCA-4C76-8D81-82A954B9EEDE}"
EndProject
Project("{FAE04EC0-301F-11D3-BF4B-00C04F79EFBC}") = "Infrastructure", "Infrastructure\Infrastructure.csproj", "{461F762B-515D-45B3-B50A-A187A8526903}"
EndProject
Global
	GlobalSection(SolutionConfigurationPlatforms) = preSolution
		Debug|Any CPU = Debug|Any CPU
		Release|Any CPU = Release|Any CPU
	EndGlobalSection
	GlobalSection(SolutionProperties) = preSolution
		HideSolutionNode = FALSE
	EndGlobalSection
	GlobalSection(ProjectConfigurationPlatforms) = postSolution
		{0FC49297-BEF9-4800-A405-B658F7D84D0A}.Debug|Any CPU.ActiveCfg = Debug|Any CPU
		{0FC49297-BEF9-4800-A405-B658F7D84D0A}.Debug|Any CPU.Build.0 = Debug|Any CPU
		{0FC49297-BEF9-4800-A405-B658F7D84D0A}.Release|Any CPU.ActiveCfg = Release|Any CPU
		{0FC49297-BEF9-4800-A405-B658F7D84D0A}.Release|Any CPU.Build.0 = Release|Any CPU
		{836B485A-DBCA-4C76-8D81-82A954B9EEDE}.Debug|Any CPU.ActiveCfg = Debug|Any CPU
		{836B485A-DBCA-4C76-8D81-82A954B9EEDE}.Debug|Any CPU.Build.0 = Debug|Any CPU
		{836B485A-DBCA-4C76-8D81-82A954B9EEDE}.Release|Any CPU.ActiveCfg = Release|Any CPU
		{836B485A-DBCA-4C76-8D81-82A954B9EEDE}.Release|Any CPU.Build.0 = Release|Any CPU
		{461F762B-515D-45B3-B50A-A187A8526903}.Debug|Any CPU.ActiveCfg = Debug|Any CPU
		{461F762B-515D-45B3-B50A-A187A8526903}.Debug|Any CPU.Build.0 = Debug|Any CPU
		{461F762B-515D-45B3-B50A-A187A8526903}.Release|Any CPU.ActiveCfg = Release|Any CPU
		{461F762B-515D-45B3-B50A-A187A8526903}.Release|Any CPU.Build.0 = Release|Any CPU
	EndGlobalSection
EndGlobal
